
Microsoft Visual Studio Solution File, Format Version 12.00
# Visual Studio Version 17
VisualStudioVersion = 17.0.31903.59
MinimumVisualStudioVersion = 10.0.40219.1
Project("{2150E333-8FDC-42A3-9474-1A3956D46DE8}") = "src", "src", "{827E0CD3-B72D-47B6-A68D-7590B98EB39B}"
EndProject
Project("{2150E333-8FDC-42A3-9474-1A3956D46DE8}") = "Shared", "Shared", "{C8E42992-5E42-0C2B-DBFE-AA848D06431C}"
EndProject
Project("{FAE04EC0-301F-11D3-BF4B-00C04F79EFBC}") = "EQClassic.Shared", "src\Shared\EQClassic.Shared.csproj", "{E0B56D76-CB6A-47C5-B42A-DA4162DE1D99}"
EndProject
Project("{2150E333-8FDC-42A3-9474-1A3956D46DE8}") = "Server", "Server", "{E6B48023-E680-40DA-9E17-319585C26937}"
EndProject
Project("{FAE04EC0-301F-11D3-BF4B-00C04F79EFBC}") = "EQClassic.Server", "src\Server\EQClassic.Server.csproj", "{CD6C65B3-AC9E-47D1-AB3F-B29048CD3056}"
EndProject
Project("{2150E333-8FDC-42A3-9474-1A3956D46DE8}") = "tests", "tests", "{0AB3BF05-4346-4AA6-1389-037BE0695223}"
EndProject
Project("{2150E333-8FDC-42A3-9474-1A3956D46DE8}") = "Tests", "Tests", "{EC10624D-81B3-6534-873E-E7707B308740}"
EndProject
Project("{FAE04EC0-301F-11D3-BF4B-00C04F79EFBC}") = "EQClassic.Tests", "tests\Tests\EQClassic.Tests.csproj", "{4AA7E8E3-0850-45A7-B337-CF61D8B0C525}"
EndProject
Project("{2150E333-8FDC-42A3-9474-1A3956D46DE8}") = "Cli", "Cli", "{778427DF-EB2C-5228-964E-6D535DE253CA}"
EndProject
Project("{FAE04EC0-301F-11D3-BF4B-00C04F79EFBC}") = "EQClassic.Cli", "src\Cli\EQClassic.Cli.csproj", "{5AC796CF-D43E-4752-BAD7-9BFB11A56BB2}"
EndProject
Project("{2150E333-8FDC-42A3-9474-1A3956D46DE8}") = "ClientCore", "ClientCore", "{324928AB-FB14-9ECD-4A5C-9EC1D9C08011}"
EndProject
Project("{FAE04EC0-301F-11D3-BF4B-00C04F79EFBC}") = "EQClassic.ClientCore", "src\ClientCore\EQClassic.ClientCore.csproj", "{EF58B02B-8925-45AA-9A15-69DDA13200DE}"
EndProject
Project("{FAE04EC0-301F-11D3-BF4B-00C04F79EFBC}") = "EQClassic.UnityStubCheck", "..\unity\StubCheck\EQClassic.UnityStubCheck.csproj", "{41D54C2D-F3B9-4026-9DA9-52102B1096C6}"
EndProject
Global
	GlobalSection(SolutionConfigurationPlatforms) = preSolution
		Debug|Any CPU = Debug|Any CPU
		Debug|x64 = Debug|x64
		Debug|x86 = Debug|x86
		Release|Any CPU = Release|Any CPU
		Release|x64 = Release|x64
		Release|x86 = Release|x86
	EndGlobalSection
	GlobalSection(ProjectConfigurationPlatforms) = postSolution
		{E0B56D76-CB6A-47C5-B42A-DA4162DE1D99}.Debug|Any CPU.ActiveCfg = Debug|Any CPU
		{E0B56D76-CB6A-47C5-B42A-DA4162DE1D99}.Debug|Any CPU.Build.0 = Debug|Any CPU
		{E0B56D76-CB6A-47C5-B42A-DA4162DE1D99}.Debug|x64.ActiveCfg = Debug|Any CPU
		{E0B56D76-CB6A-47C5-B42A-DA4162DE1D99}.Debug|x64.Build.0 = Debug|Any CPU
		{E0B56D76-CB6A-47C5-B42A-DA4162DE1D99}.Debug|x86.ActiveCfg = Debug|Any CPU
		{E0B56D76-CB6A-47C5-B42A-DA4162DE1D99}.Debug|x86.Build.0 = Debug|Any CPU
		{E0B56D76-CB6A-47C5-B42A-DA4162DE1D99}.Release|Any CPU.ActiveCfg = Release|Any CPU
		{E0B56D76-CB6A-47C5-B42A-DA4162DE1D99}.Release|Any CPU.Build.0 = Release|Any CPU
		{E0B56D76-CB6A-47C5-B42A-DA4162DE1D99}.Release|x64.ActiveCfg = Release|Any CPU
		{E0B56D76-CB6A-47C5-B42A-DA4162DE1D99}.Release|x64.Build.0 = Release|Any CPU
		{E0B56D76-CB6A-47C5-B42A-DA4162DE1D99}.Release|x86.ActiveCfg = Release|Any CPU
		{E0B56D76-CB6A-47C5-B42A-DA4162DE1D99}.Release|x86.Build.0 = Release|Any CPU
		{CD6C65B3-AC9E-47D1-AB3F-B29048CD3056}.Debug|Any CPU.ActiveCfg = Debug|Any CPU
		{CD6C65B3-AC9E-47D1-AB3F-B29048CD3056}.Debug|Any CPU.Build.0 = Debug|Any CPU
		{CD6C65B3-AC9E-47D1-AB3F-B29048CD3056}.Debug|x64.ActiveCfg = Debug|Any CPU
		{CD6C65B3-AC9E-47D1-AB3F-B29048CD3056}.Debug|x64.Build.0 = Debug|Any CPU
		{CD6C65B3-AC9E-47D1-AB3F-B29048CD3056}.Debug|x86.ActiveCfg = Debug|Any CPU
		{CD6C65B3-AC9E-47D1-AB3F-B29048CD3056}.Debug|x86.Build.0 = Debug|Any CPU
		{CD6C65B3-AC9E-47D1-AB3F-B29048CD3056}.Release|Any CPU.ActiveCfg = Release|Any CPU
		{CD6C65B3-AC9E-47D1-AB3F-B29048CD3056}.Release|Any CPU.Build.0 = Release|Any CPU
		{CD6C65B3-AC9E-47D1-AB3F-B29048CD3056}.Release|x64.ActiveCfg = Release|Any CPU
		{CD6C65B3-AC9E-47D1-AB3F-B29048CD3056}.Release|x64.Build.0 = Release|Any CPU
		{CD6C65B3-AC9E-47D1-AB3F-B29048CD3056}.Release|x86.ActiveCfg = Release|Any CPU
		{CD6C65B3-AC9E-47D1-AB3F-B29048CD3056}.Release|x86.Build.0 = Release|Any CPU
		{4AA7E8E3-0850-45A7-B337-CF61D8B0C525}.Debug|Any CPU.ActiveCfg = Debug|Any CPU
		{4AA7E8E3-0850-45A7-B337-CF61D8B0C525}.Debug|Any CPU.Build.0 = Debug|Any CPU
		{4AA7E8E3-0850-45A7-B337-CF61D8B0C525}.Debug|x64.ActiveCfg = Debug|Any CPU
		{4AA7E8E3-0850-45A7-B337-CF61D8B0C525}.Debug|x64.Build.0 = Debug|Any CPU
		{4AA7E8E3-0850-45A7-B337-CF61D8B0C525}.Debug|x86.ActiveCfg = Debug|Any CPU
		{4AA7E8E3-0850-45A7-B337-CF61D8B0C525}.Debug|x86.Build.0 = Debug|Any CPU
		{4AA7E8E3-0850-45A7-B337-CF61D8B0C525}.Release|Any CPU.ActiveCfg = Release|Any CPU
		{4AA7E8E3-0850-45A7-B337-CF61D8B0C525}.Release|Any CPU.Build.0 = Release|Any CPU
		{4AA7E8E3-0850-45A7-B337-CF61D8B0C525}.Release|x64.ActiveCfg = Release|Any CPU
		{4AA7E8E3-0850-45A7-B337-CF61D8B0C525}.Release|x64.Build.0 = Release|Any CPU
		{4AA7E8E3-0850-45A7-B337-CF61D8B0C525}.Release|x86.ActiveCfg = Release|Any CPU
		{4AA7E8E3-0850-45A7-B337-CF61D8B0C525}.Release|x86.Build.0 = Release|Any CPU
		{5AC796CF-D43E-4752-BAD7-9BFB11A56BB2}.Debug|Any CPU.ActiveCfg = Debug|Any CPU
		{5AC796CF-D43E-4752-BAD7-9BFB11A56BB2}.Debug|Any CPU.Build.0 = Debug|Any CPU
		{5AC796CF-D43E-4752-BAD7-9BFB11A56BB2}.Debug|x64.ActiveCfg = Debug|Any CPU
		{5AC796CF-D43E-4752-BAD7-9BFB11A56BB2}.Debug|x64.Build.0 = Debug|Any CPU
		{5AC796CF-D43E-4752-BAD7-9BFB11A56BB2}.Debug|x86.ActiveCfg = Debug|Any CPU
		{5AC796CF-D43E-4752-BAD7-9BFB11A56BB2}.Debug|x86.Build.0 = Debug|Any CPU
		{5AC796CF-D43E-4752-BAD7-9BFB11A56BB2}.Release|Any CPU.ActiveCfg = Release|Any CPU
		{5AC796CF-D43E-4752-BAD7-9BFB11A56BB2}.Release|Any CPU.Build.0 = Release|Any CPU
		{5AC796CF-D43E-4752-BAD7-9BFB11A56BB2}.Release|x64.ActiveCfg = Release|Any CPU
		{5AC796CF-D43E-4752-BAD7-9BFB11A56BB2}.Release|x64.Build.0 = Release|Any CPU
		{5AC796CF-D43E-4752-BAD7-9BFB11A56BB2}.Release|x86.ActiveCfg = Release|Any CPU
		{5AC796CF-D43E-4752-BAD7-9BFB11A56BB2}.Release|x86.Build.0 = Release|Any CPU
		{EF58B02B-8925-45AA-9A15-69DDA13200DE}.Debug|Any CPU.ActiveCfg = Debug|Any CPU
		{EF58B02B-8925-45AA-9A15-69DDA13200DE}.Debug|Any CPU.Build.0 = Debug|Any CPU
		{EF58B02B-8925-45AA-9A15-69DDA13200DE}.Debug|x64.ActiveCfg = Debug|Any CPU
		{EF58B02B-8925-45AA-9A15-69DDA13200DE}.Debug|x64.Build.0 = Debug|Any CPU
		{EF58B02B-8925-45AA-9A15-69DDA13200DE}.Debug|x86.ActiveCfg = Debug|Any CPU
		{EF58B02B-8925-45AA-9A15-69DDA13200DE}.Debug|x86.Build.0 = Debug|Any CPU
		{EF58B02B-8925-45AA-9A15-69DDA13200DE}.Release|Any CPU.ActiveCfg = Release|Any CPU
		{EF58B02B-8925-45AA-9A15-69DDA13200DE}.Release|Any CPU.Build.0 = Release|Any CPU
		{EF58B02B-8925-45AA-9A15-69DDA13200DE}.Release|x64.ActiveCfg = Release|Any CPU
		{EF58B02B-8925-45AA-9A15-69DDA13200DE}.Release|x64.Build.0 = Release|Any CPU
		{EF58B02B-8925-45AA-9A15-69DDA13200DE}.Release|x86.ActiveCfg = Release|Any CPU
		{EF58B02B-8925-45AA-9A15-69DDA13200DE}.Release|x86.Build.0 = Release|Any CPU
		{41D54C2D-F3B9-4026-9DA9-52102B1096C6}.Debug|Any CPU.ActiveCfg = Debug|Any CPU
		{41D54C2D-F3B9-4026-9DA9-52102B1096C6}.Debug|Any CPU.Build.0 = Debug|Any CPU
		{41D54C2D-F3B9-4026-9DA9-52102B1096C6}.Debug|x64.ActiveCfg = Debug|Any CPU
		{41D54C2D-F3B9-4026-9DA9-52102B1096C6}.Debug|x64.Build.0 = Debug|Any CPU
		{41D54C2D-F3B9-4026-9DA9-52102B1096C6}.Debug|x86.ActiveCfg = Debug|Any CPU
		{41D54C2D-F3B9-4026-9DA9-52102B1096C6}.Debug|x86.Build.0 = Debug|Any CPU
		{41D54C2D-F3B9-4026-9DA9-52102B1096C6}.Release|Any CPU.ActiveCfg = Release|Any CPU
		{41D54C2D-F3B9-4026-9DA9-52102B1096C6}.Release|Any CPU.Build.0 = Release|Any CPU
		{41D54C2D-F3B9-4026-9DA9-52102B1096C6}.Release|x64.ActiveCfg = Release|Any CPU
		{41D54C2D-F3B9-4026-9DA9-52102B1096C6}.Release|x64.Build.0 = Release|Any CPU
		{41D54C2D-F3B9-4026-9DA9-52102B1096C6}.Release|x86.ActiveCfg = Release|Any CPU
		{41D54C2D-F3B9-4026-9DA9-52102B1096C6}.Release|x86.Build.0 = Release|Any CPU
	EndGlobalSection
	GlobalSection(SolutionProperties) = preSolution
		HideSolutionNode = FALSE
	EndGlobalSection
	GlobalSection(NestedProjects) = preSolution
		{C8E42992-5E42-0C2B-DBFE-AA848D06431C} = {827E0CD3-B72D-47B6-A68D-7590B98EB39B}
		{E0B56D76-CB6A-47C5-B42A-DA4162DE1D99} = {C8E42992-5E42-0C2B-DBFE-AA848D06431C}
		{E6B48023-E680-40DA-9E17-319585C26937} = {827E0CD3-B72D-47B6-A68D-7590B98EB39B}
		{CD6C65B3-AC9E-47D1-AB3F-B29048CD3056} = {E6B48023-E680-40DA-9E17-319585C26937}
		{EC10624D-81B3-6534-873E-E7707B308740} = {0AB3BF05-4346-4AA6-1389-037BE0695223}
		{4AA7E8E3-0850-45A7-B337-CF61D8B0C525} = {EC10624D-81B3-6534-873E-E7707B308740}
		{778427DF-EB2C-5228-964E-6D535DE253CA} = {827E0CD3-B72D-47B6-A68D-7590B98EB39B}
		{5AC796CF-D43E-4752-BAD7-9BFB11A56BB2} = {778427DF-EB2C-5228-964E-6D535DE253CA}
		{324928AB-FB14-9ECD-4A5C-9EC1D9C08011} = {827E0CD3-B72D-47B6-A68D-7590B98EB39B}
		{EF58B02B-8925-45AA-9A15-69DDA13200DE} = {324928AB-FB14-9ECD-4A5C-9EC1D9C08011}
	EndGlobalSection
EndGlobal
